
Microsoft Visual Studio Solution File, Format Version 12.00
# Visual Studio Version 17
VisualStudioVersion = 17.5.002.0
MinimumVisualStudioVersion = 10.0.40219.1
Project("{9A19103F-16F7-4668-BE54-9A1E7A4F7556}") = "xp_project", "xp_project.csproj", "{498F43A9-0B55-4AF5-8E3A-949B157F190A}"
EndProject
Global
	GlobalSection(SolutionConfigurationPlatforms) = preSolution
		Debug|Any CPU = Debug|Any CPU
		Release|Any CPU = Release|Any CPU
	EndGlobalSection
	GlobalSection(ProjectConfigurationPlatforms) = postSolution
		{498F43A9-0B55-4AF5-8E3A-949B157F190A}.Debug|Any CPU.ActiveCfg = Debug|Any CPU
		{498F43A9-0B55-4AF5-8E3A-949B157F190A}.Debug|Any CPU.Build.0 = Debug|Any CPU
		{498F43A9-0B55-4AF5-8E3A-949B157F190A}.Release|Any CPU.ActiveCfg = Release|Any CPU
		{498F43A9-0B55-4AF5-8E3A-949B157F190A}.Release|Any CPU.Build.0 = Release|Any CPU
	EndGlobalSection
	GlobalSection(SolutionProperties) = preSolution
		HideSolutionNode = FALSE
	EndGlobalSection
	GlobalSection(ExtensibilityGlobals) = postSolution
		SolutionGuid = {7E38DC90-3EC1-456E-9194-03E8820C1771}
	EndGlobalSection
EndGlobal
